// !$*UTF8*$!
{
	archiveVersion = 1;
	classes = {
	};
	objectVersion = 46;
	objects = {

/* Begin PBXBuildFile section */
		A511C0261E62A5C900A54A2C /* Images.xcassets in Resources */ = {isa = PBXBuildFile; fileRef = A511C0251E62A5C900A54A2C /* Images.xcassets */; };
		A511C0341E62A5C900A54A2C /* PhotoMixTests.m in Sources */ = {isa = PBXBuildFile; fileRef = A511C0331E62A5C900A54A2C /* PhotoMixTests.m */; };
		A511C03F1E62A5C900A54A2C /* PhotoMixUITests.m in Sources */ = {isa = PBXBuildFile; fileRef = A511C03E1E62A5C900A54A2C /* PhotoMixUITests.m */; };
		A588D2591E62C87200670E2F /* Info.plist in Resources */ = {isa = PBXBuildFile; fileRef = A588D2581E62C87200670E2F /* Info.plist */; };
		A588D26C1E62C8C100670E2F /* AppDelegate.m in Sources */ = {isa = PBXBuildFile; fileRef = A588D25C1E62C8C100670E2F /* AppDelegate.m */; };
		A588D26D1E62C8C100670E2F /* main.m in Sources */ = {isa = PBXBuildFile; fileRef = A588D25D1E62C8C100670E2F /* main.m */; };
		A588D26E1E62C8C100670E2F /* PhotoMix.xcdatamodeld in Sources */ = {isa = PBXBuildFile; fileRef = A588D25F1E62C8C100670E2F /* PhotoMix.xcdatamodeld */; };
		A588D26F1E62C8C100670E2F /* LaunchScreenView.m in Sources */ = {isa = PBXBuildFile; fileRef = A588D2631E62C8C100670E2F /* LaunchScreenView.m */; };
		A588D2701E62C8C100670E2F /* LaunchScreenView.xib in Resources */ = {isa = PBXBuildFile; fileRef = A588D2641E62C8C100670E2F /* LaunchScreenView.xib */; };
		A588D2721E62C8C100670E2F /* Photo.m in Sources */ = {isa = PBXBuildFile; fileRef = A588D26B1E62C8C100670E2F /* Photo.m */; };
		A588D2761E62CB9300670E2F /* orange_button_normal@2x.png in Resources */ = {isa = PBXBuildFile; fileRef = A588D2741E62CB9300670E2F /* orange_button_normal@2x.png */; };
		A588D2771E62CB9300670E2F /* orange_button_normal@3x.png in Resources */ = {isa = PBXBuildFile; fileRef = A588D2751E62CB9300670E2F /* orange_button_normal@3x.png */; };
		A588D2791E62E96600670E2F /* 矩形-3@2x.png in Resources */ = {isa = PBXBuildFile; fileRef = A588D2781E62E96600670E2F /* 矩形-3@2x.png */; };
		A588D27D1E62EB6E00670E2F /* what.jpg in Resources */ = {isa = PBXBuildFile; fileRef = A588D27C1E62EB6E00670E2F /* what.jpg */; };
		A588D2861E62EFB400670E2F /* confirm@2x.png in Resources */ = {isa = PBXBuildFile; fileRef = A588D2841E62EFB400670E2F /* confirm@2x.png */; };
		A588D2871E62EFB400670E2F /* confirm@3x.png in Resources */ = {isa = PBXBuildFile; fileRef = A588D2851E62EFB400670E2F /* confirm@3x.png */; };
		A588D28D1E63004700670E2F /* MBProgressHUD+SS.m in Sources */ = {isa = PBXBuildFile; fileRef = A588D28C1E63004700670E2F /* MBProgressHUD+SS.m */; };
		A5AF753E1E66D37500441B84 /* IHCloudUserTool.m in Sources */ = {isa = PBXBuildFile; fileRef = A5AF753B1E66D37500441B84 /* IHCloudUserTool.m */; };
		A5AF753F1E66D37500441B84 /* IHealthAFNTools.m in Sources */ = {isa = PBXBuildFile; fileRef = A5AF753D1E66D37500441B84 /* IHealthAFNTools.m */; };
		A5AF75471E6704AE00441B84 /* image.xcassets in Resources */ = {isa = PBXBuildFile; fileRef = A5AF75461E6704AE00441B84 /* image.xcassets */; };
		A5AF75551E6809C900441B84 /* SJAvatarBrowser.m in Sources */ = {isa = PBXBuildFile; fileRef = A5AF75541E6809C900441B84 /* SJAvatarBrowser.m */; };
		CA622362DC5E2F7D39A66F07 /* libPods-PhotoMix.a in Frameworks */ = {isa = PBXBuildFile; fileRef = 4370F79DCCE1F28AF90AC492 /* libPods-PhotoMix.a */; };
/* End PBXBuildFile section */

/* Begin PBXContainerItemProxy section */
		A511C0301E62A5C900A54A2C /* PBXContainerItemProxy */ = {
			isa = PBXContainerItemProxy;
			containerPortal = A511C00B1E62A5C900A54A2C /* Project object */;
			proxyType = 1;
			remoteGlobalIDString = A511C0121E62A5C900A54A2C;
			remoteInfo = PhotoMix;
		};
		A511C03B1E62A5C900A54A2C /* PBXContainerItemProxy */ = {
			isa = PBXContainerItemProxy;
			containerPortal = A511C00B1E62A5C900A54A2C /* Project object */;
			proxyType = 1;
			remoteGlobalIDString = A511C0121E62A5C900A54A2C;
			remoteInfo = PhotoMix;
		};
/* End PBXContainerItemProxy section */

/* Begin PBXFileReference section */
		099E387360717D47D78BF53A /* Pods-PhotoMix.debug.xcconfig */ = {isa = PBXFileReference; includeInIndex = 1; lastKnownFileType = text.xcconfig; name = "Pods-PhotoMix.debug.xcconfig"; path = "Pods/Target Support Files/Pods-PhotoMix/Pods-PhotoMix.debug.xcconfig"; sourceTree = "<group>"; };
		4370F79DCCE1F28AF90AC492 /* libPods-PhotoMix.a */ = {isa = PBXFileReference; explicitFileType = archive.ar; includeInIndex = 0; path = "libPods-PhotoMix.a"; sourceTree = BUILT_PRODUCTS_DIR; };
		A511C0131E62A5C900A54A2C /* PhotoMix.app */ = {isa = PBXFileReference; explicitFileType = wrapper.application; includeInIndex = 0; path = PhotoMix.app; sourceTree = BUILT_PRODUCTS_DIR; };
		A511C0251E62A5C900A54A2C /* Images.xcassets */ = {isa = PBXFileReference; lastKnownFileType = folder.assetcatalog; path = Images.xcassets; sourceTree = "<group>"; };
		A511C02F1E62A5C900A54A2C /* PhotoMixTests.xctest */ = {isa = PBXFileReference; explicitFileType = wrapper.cfbundle; includeInIndex = 0; path = PhotoMixTests.xctest; sourceTree = BUILT_PRODUCTS_DIR; };
		A511C0331E62A5C900A54A2C /* PhotoMixTests.m */ = {isa = PBXFileReference; lastKnownFileType = sourcecode.c.objc; path = PhotoMixTests.m; sourceTree = "<group>"; };
		A511C0351E62A5C900A54A2C /* Info.plist */ = {isa = PBXFileReference; lastKnownFileType = text.plist.xml; path = Info.plist; sourceTree = "<group>"; };
		A511C03A1E62A5C900A54A2C /* PhotoMixUITests.xctest */ = {isa = PBXFileReference; explicitFileType = wrapper.cfbundle; includeInIndex = 0; path = PhotoMixUITests.xctest; sourceTree = BUILT_PRODUCTS_DIR; };
		A511C03E1E62A5C900A54A2C /* PhotoMixUITests.m */ = {isa = PBXFileReference; lastKnownFileType = sourcecode.c.objc; path = PhotoMixUITests.m; sourceTree = "<group>"; };
		A511C0401E62A5C900A54A2C /* Info.plist */ = {isa = PBXFileReference; lastKnownFileType = text.plist.xml; path = Info.plist; sourceTree = "<group>"; };
		A588D2581E62C87200670E2F /* Info.plist */ = {isa = PBXFileReference; fileEncoding = 4; lastKnownFileType = text.plist.xml; path = Info.plist; sourceTree = "<group>"; };
		A588D25B1E62C8C100670E2F /* AppDelegate.h */ = {isa = PBXFileReference; fileEncoding = 4; lastKnownFileType = sourcecode.c.h; path = AppDelegate.h; sourceTree = "<group>"; };
		A588D25C1E62C8C100670E2F /* AppDelegate.m */ = {isa = PBXFileReference; fileEncoding = 4; lastKnownFileType = sourcecode.c.objc; path = AppDelegate.m; sourceTree = "<group>"; };
		A588D25D1E62C8C100670E2F /* main.m */ = {isa = PBXFileReference; fileEncoding = 4; lastKnownFileType = sourcecode.c.objc; path = main.m; sourceTree = "<group>"; };
		A588D2601E62C8C100670E2F /* PhotoMix.xcdatamodel */ = {isa = PBXFileReference; lastKnownFileType = wrapper.xcdatamodel; path = PhotoMix.xcdatamodel; sourceTree = "<group>"; };
		A588D2621E62C8C100670E2F /* LaunchScreenView.h */ = {isa = PBXFileReference; fileEncoding = 4; lastKnownFileType = sourcecode.c.h; path = LaunchScreenView.h; sourceTree = "<group>"; };
		A588D2631E62C8C100670E2F /* LaunchScreenView.m */ = {isa = PBXFileReference; fileEncoding = 4; lastKnownFileType = sourcecode.c.objc; path = LaunchScreenView.m; sourceTree = "<group>"; };
		A588D2641E62C8C100670E2F /* LaunchScreenView.xib */ = {isa = PBXFileReference; fileEncoding = 4; lastKnownFileType = file.xib; path = LaunchScreenView.xib; sourceTree = "<group>"; };
		A588D26A1E62C8C100670E2F /* Photo.h */ = {isa = PBXFileReference; fileEncoding = 4; lastKnownFileType = sourcecode.c.h; path = Photo.h; sourceTree = "<group>"; };
		A588D26B1E62C8C100670E2F /* Photo.m */ = {isa = PBXFileReference; fileEncoding = 4; lastKnownFileType = sourcecode.c.objc; path = Photo.m; sourceTree = "<group>"; };
		A588D2741E62CB9300670E2F /* orange_button_normal@2x.png */ = {isa = PBXFileReference; lastKnownFileType = image.png; path = "orange_button_normal@2x.png"; sourceTree = "<group>"; };
		A588D2751E62CB9300670E2F /* orange_button_normal@3x.png */ = {isa = PBXFileReference; lastKnownFileType = image.png; path = "orange_button_normal@3x.png"; sourceTree = "<group>"; };
		A588D2781E62E96600670E2F /* 矩形-3@2x.png */ = {isa = PBXFileReference; lastKnownFileType = image.png; path = "矩形-3@2x.png"; sourceTree = "<group>"; };
		A588D27C1E62EB6E00670E2F /* what.jpg */ = {isa = PBXFileReference; lastKnownFileType = image.jpeg; path = what.jpg; sourceTree = "<group>"; };
		A588D2841E62EFB400670E2F /* confirm@2x.png */ = {isa = PBXFileReference; lastKnownFileType = image.png; path = "confirm@2x.png"; sourceTree = "<group>"; };
		A588D2851E62EFB400670E2F /* confirm@3x.png */ = {isa = PBXFileReference; lastKnownFileType = image.png; path = "confirm@3x.png"; sourceTree = "<group>"; };
		A588D28B1E63004700670E2F /* MBProgressHUD+SS.h */ = {isa = PBXFileReference; fileEncoding = 4; lastKnownFileType = sourcecode.c.h; path = "MBProgressHUD+SS.h"; sourceTree = "<group>"; };
		A588D28C1E63004700670E2F /* MBProgressHUD+SS.m */ = {isa = PBXFileReference; fileEncoding = 4; lastKnownFileType = sourcecode.c.objc; path = "MBProgressHUD+SS.m"; sourceTree = "<group>"; };
		A5AF753A1E66D37500441B84 /* IHCloudUserTool.h */ = {isa = PBXFileReference; fileEncoding = 4; lastKnownFileType = sourcecode.c.h; path = IHCloudUserTool.h; sourceTree = "<group>"; };
		A5AF753B1E66D37500441B84 /* IHCloudUserTool.m */ = {isa = PBXFileReference; fileEncoding = 4; lastKnownFileType = sourcecode.c.objc; path = IHCloudUserTool.m; sourceTree = "<group>"; };
		A5AF753C1E66D37500441B84 /* IHealthAFNTools.h */ = {isa = PBXFileReference; fileEncoding = 4; lastKnownFileType = sourcecode.c.h; path = IHealthAFNTools.h; sourceTree = "<group>"; };
		A5AF753D1E66D37500441B84 /* IHealthAFNTools.m */ = {isa = PBXFileReference; fileEncoding = 4; lastKnownFileType = sourcecode.c.objc; path = IHealthAFNTools.m; sourceTree = "<group>"; };
		A5AF75461E6704AE00441B84 /* image.xcassets */ = {isa = PBXFileReference; lastKnownFileType = folder.assetcatalog; path = image.xcassets; sourceTree = "<group>"; };
		A5AF75531E6809C900441B84 /* SJAvatarBrowser.h */ = {isa = PBXFileReference; fileEncoding = 4; lastKnownFileType = sourcecode.c.h; path = SJAvatarBrowser.h; sourceTree = "<group>"; };
		A5AF75541E6809C900441B84 /* SJAvatarBrowser.m */ = {isa = PBXFileReference; fileEncoding = 4; lastKnownFileType = sourcecode.c.objc; path = SJAvatarBrowser.m; sourceTree = "<group>"; };
		AC478C297DD8BF4076379F2A /* Pods-PhotoMix.release.xcconfig */ = {isa = PBXFileReference; includeInIndex = 1; lastKnownFileType = text.xcconfig; name = "Pods-PhotoMix.release.xcconfig"; path = "Pods/Target Support Files/Pods-PhotoMix/Pods-PhotoMix.release.xcconfig"; sourceTree = "<group>"; };
/* End PBXFileReference section */

/* Begin PBXFrameworksBuildPhase section */
		A511C0101E62A5C900A54A2C /* Frameworks */ = {
			isa = PBXFrameworksBuildPhase;
			buildActionMask = 2147483647;
			files = (
				CA622362DC5E2F7D39A66F07 /* libPods-PhotoMix.a in Frameworks */,
			);
			runOnlyForDeploymentPostprocessing = 0;
		};
		A511C02C1E62A5C900A54A2C /* Frameworks */ = {
			isa = PBXFrameworksBuildPhase;
			buildActionMask = 2147483647;
			files = (
			);
			runOnlyForDeploymentPostprocessing = 0;
		};
		A511C0371E62A5C900A54A2C /* Frameworks */ = {
			isa = PBXFrameworksBuildPhase;
			buildActionMask = 2147483647;
			files = (
			);
			runOnlyForDeploymentPostprocessing = 0;
		};
/* End PBXFrameworksBuildPhase section */

/* Begin PBXGroup section */
		7EE1F9E0564AFF7E39C811E2 /* Pods */ = {
			isa = PBXGroup;
			children = (
				099E387360717D47D78BF53A /* Pods-PhotoMix.debug.xcconfig */,
				AC478C297DD8BF4076379F2A /* Pods-PhotoMix.release.xcconfig */,
			);
			name = Pods;
			sourceTree = "<group>";
		};
		A511C00A1E62A5C900A54A2C = {
			isa = PBXGroup;
			children = (
				A511C0151E62A5C900A54A2C /* PhotoMix */,
				A511C0321E62A5C900A54A2C /* PhotoMixTests */,
				A511C03D1E62A5C900A54A2C /* PhotoMixUITests */,
				A511C0141E62A5C900A54A2C /* Products */,
				7EE1F9E0564AFF7E39C811E2 /* Pods */,
				DE2FCBE90C18D6F961D08449 /* Frameworks */,
			);
			sourceTree = "<group>";
		};
		A511C0141E62A5C900A54A2C /* Products */ = {
			isa = PBXGroup;
			children = (
				A511C0131E62A5C900A54A2C /* PhotoMix.app */,
				A511C02F1E62A5C900A54A2C /* PhotoMixTests.xctest */,
				A511C03A1E62A5C900A54A2C /* PhotoMixUITests.xctest */,
			);
			name = Products;
			sourceTree = "<group>";
		};
		A511C0151E62A5C900A54A2C /* PhotoMix */ = {
			isa = PBXGroup;
			children = (
				A588D25A1E62C8C100670E2F /* AppDelegate */,
				A588D25E1E62C8C100670E2F /* CoreData */,
				A588D2611E62C8C100670E2F /* LaunchScreenView */,
				A588D2651E62C8C100670E2F /* Tools */,
				A511C0251E62A5C900A54A2C /* Images.xcassets */,
				A588D2581E62C87200670E2F /* Info.plist */,
				A511C0161E62A5C900A54A2C /* Supporting Files */,
			);
			path = PhotoMix;
			sourceTree = "<group>";
		};
		A511C0161E62A5C900A54A2C /* Supporting Files */ = {
			isa = PBXGroup;
			children = (
			);
			name = "Supporting Files";
			sourceTree = "<group>";
		};
		A511C0321E62A5C900A54A2C /* PhotoMixTests */ = {
			isa = PBXGroup;
			children = (
				A511C0331E62A5C900A54A2C /* PhotoMixTests.m */,
				A511C0351E62A5C900A54A2C /* Info.plist */,
			);
			path = PhotoMixTests;
			sourceTree = "<group>";
		};
		A511C03D1E62A5C900A54A2C /* PhotoMixUITests */ = {
			isa = PBXGroup;
			children = (
				A511C03E1E62A5C900A54A2C /* PhotoMixUITests.m */,
				A511C0401E62A5C900A54A2C /* Info.plist */,
			);
			path = PhotoMixUITests;
			sourceTree = "<group>";
		};
		A588D25A1E62C8C100670E2F /* AppDelegate */ = {
			isa = PBXGroup;
			children = (
				A588D25B1E62C8C100670E2F /* AppDelegate.h */,
				A588D25C1E62C8C100670E2F /* AppDelegate.m */,
				A588D25D1E62C8C100670E2F /* main.m */,
			);
			path = AppDelegate;
			sourceTree = "<group>";
		};
		A588D25E1E62C8C100670E2F /* CoreData */ = {
			isa = PBXGroup;
			children = (
				A588D25F1E62C8C100670E2F /* PhotoMix.xcdatamodeld */,
			);
			path = CoreData;
			sourceTree = "<group>";
		};
		A588D2611E62C8C100670E2F /* LaunchScreenView */ = {
			isa = PBXGroup;
			children = (
				A5AF75531E6809C900441B84 /* SJAvatarBrowser.h */,
				A5AF75541E6809C900441B84 /* SJAvatarBrowser.m */,
				A588D2731E62CB9300670E2F /* Resource */,
				A588D2621E62C8C100670E2F /* LaunchScreenView.h */,
				A588D2631E62C8C100670E2F /* LaunchScreenView.m */,
				A588D2641E62C8C100670E2F /* LaunchScreenView.xib */,
				A588D28B1E63004700670E2F /* MBProgressHUD+SS.h */,
				A588D28C1E63004700670E2F /* MBProgressHUD+SS.m */,
			);
			path = LaunchScreenView;
			sourceTree = "<group>";
		};
		A588D2651E62C8C100670E2F /* Tools */ = {
			isa = PBXGroup;
			children = (
				A5AF75391E66D37500441B84 /* afn */,
				A588D2691E62C8C100670E2F /* Photo */,
			);
			path = Tools;
			sourceTree = "<group>";
		};
		A588D2691E62C8C100670E2F /* Photo */ = {
			isa = PBXGroup;
			children = (
				A588D26A1E62C8C100670E2F /* Photo.h */,
				A588D26B1E62C8C100670E2F /* Photo.m */,
			);
			path = Photo;
			sourceTree = "<group>";
		};
		A588D2731E62CB9300670E2F /* Resource */ = {
			isa = PBXGroup;
			children = (
				A588D2841E62EFB400670E2F /* confirm@2x.png */,
				A588D2851E62EFB400670E2F /* confirm@3x.png */,
				A588D2741E62CB9300670E2F /* orange_button_normal@2x.png */,
				A588D2751E62CB9300670E2F /* orange_button_normal@3x.png */,
				A588D2781E62E96600670E2F /* 矩形-3@2x.png */,
				A588D27C1E62EB6E00670E2F /* what.jpg */,
				A5AF75461E6704AE00441B84 /* image.xcassets */,
			);
			path = Resource;
			sourceTree = "<group>";
		};
		A5AF75391E66D37500441B84 /* afn */ = {
			isa = PBXGroup;
			children = (
				A5AF753A1E66D37500441B84 /* IHCloudUserTool.h */,
				A5AF753B1E66D37500441B84 /* IHCloudUserTool.m */,
				A5AF753C1E66D37500441B84 /* IHealthAFNTools.h */,
				A5AF753D1E66D37500441B84 /* IHealthAFNTools.m */,
			);
			path = afn;
			sourceTree = "<group>";
		};
		DE2FCBE90C18D6F961D08449 /* Frameworks */ = {
			isa = PBXGroup;
			children = (
				4370F79DCCE1F28AF90AC492 /* libPods-PhotoMix.a */,
			);
			name = Frameworks;
			sourceTree = "<group>";
		};
/* End PBXGroup section */

/* Begin PBXNativeTarget section */
		A511C0121E62A5C900A54A2C /* PhotoMix */ = {
			isa = PBXNativeTarget;
			buildConfigurationList = A511C0431E62A5C900A54A2C /* Build configuration list for PBXNativeTarget "PhotoMix" */;
			buildPhases = (
				7E57FD713A4F54E2814C3461 /* [CP] Check Pods Manifest.lock */,
				A511C00F1E62A5C900A54A2C /* Sources */,
				A511C0101E62A5C900A54A2C /* Frameworks */,
				A511C0111E62A5C900A54A2C /* Resources */,
				D2CA7F0A39732B09C252780B /* [CP] Embed Pods Frameworks */,
				A24368F114F870EDF6CEF6A5 /* [CP] Copy Pods Resources */,
			);
			buildRules = (
			);
			dependencies = (
			);
			name = PhotoMix;
			productName = PhotoMix;
			productReference = A511C0131E62A5C900A54A2C /* PhotoMix.app */;
			productType = "com.apple.product-type.application";
		};
		A511C02E1E62A5C900A54A2C /* PhotoMixTests */ = {
			isa = PBXNativeTarget;
			buildConfigurationList = A511C0461E62A5C900A54A2C /* Build configuration list for PBXNativeTarget "PhotoMixTests" */;
			buildPhases = (
				A511C02B1E62A5C900A54A2C /* Sources */,
				A511C02C1E62A5C900A54A2C /* Frameworks */,
				A511C02D1E62A5C900A54A2C /* Resources */,
			);
			buildRules = (
			);
			dependencies = (
				A511C0311E62A5C900A54A2C /* PBXTargetDependency */,
			);
			name = PhotoMixTests;
			productName = PhotoMixTests;
			productReference = A511C02F1E62A5C900A54A2C /* PhotoMixTests.xctest */;
			productType = "com.apple.product-type.bundle.unit-test";
		};
		A511C0391E62A5C900A54A2C /* PhotoMixUITests */ = {
			isa = PBXNativeTarget;
			buildConfigurationList = A511C0491E62A5C900A54A2C /* Build configuration list for PBXNativeTarget "PhotoMixUITests" */;
			buildPhases = (
				A511C0361E62A5C900A54A2C /* Sources */,
				A511C0371E62A5C900A54A2C /* Frameworks */,
				A511C0381E62A5C900A54A2C /* Resources */,
			);
			buildRules = (
			);
			dependencies = (
				A511C03C1E62A5C900A54A2C /* PBXTargetDependency */,
			);
			name = PhotoMixUITests;
			productName = PhotoMixUITests;
			productReference = A511C03A1E62A5C900A54A2C /* PhotoMixUITests.xctest */;
			productType = "com.apple.product-type.bundle.ui-testing";
		};
/* End PBXNativeTarget section */

/* Begin PBXProject section */
		A511C00B1E62A5C900A54A2C /* Project object */ = {
			isa = PBXProject;
			attributes = {
				LastUpgradeCheck = 0820;
				ORGANIZATIONNAME = mingli.zhang;
				TargetAttributes = {
					A511C0121E62A5C900A54A2C = {
						CreatedOnToolsVersion = 8.2.1;
						DevelopmentTeam = 8982T47U8J;
						ProvisioningStyle = Manual;
					};
					A511C02E1E62A5C900A54A2C = {
						CreatedOnToolsVersion = 8.2.1;
						DevelopmentTeam = 3Q553VZ29W;
						ProvisioningStyle = Automatic;
						TestTargetID = A511C0121E62A5C900A54A2C;
					};
					A511C0391E62A5C900A54A2C = {
						CreatedOnToolsVersion = 8.2.1;
						DevelopmentTeam = 3Q553VZ29W;
						ProvisioningStyle = Automatic;
						TestTargetID = A511C0121E62A5C900A54A2C;
					};
				};
			};
			buildConfigurationList = A511C00E1E62A5C900A54A2C /* Build configuration list for PBXProject "PhotoMix" */;
			compatibilityVersion = "Xcode 3.2";
			developmentRegion = English;
			hasScannedForEncodings = 0;
			knownRegions = (
				en,
				Base,
			);
			mainGroup = A511C00A1E62A5C900A54A2C;
			productRefGroup = A511C0141E62A5C900A54A2C /* Products */;
			projectDirPath = "";
			projectRoot = "";
			targets = (
				A511C0121E62A5C900A54A2C /* PhotoMix */,
				A511C02E1E62A5C900A54A2C /* PhotoMixTests */,
				A511C0391E62A5C900A54A2C /* PhotoMixUITests */,
			);
		};
/* End PBXProject section */

/* Begin PBXResourcesBuildPhase section */
		A511C0111E62A5C900A54A2C /* Resources */ = {
			isa = PBXResourcesBuildPhase;
			buildActionMask = 2147483647;
			files = (
				A588D27D1E62EB6E00670E2F /* what.jpg in Resources */,
				A511C0261E62A5C900A54A2C /* Images.xcassets in Resources */,
				A588D2791E62E96600670E2F /* 矩形-3@2x.png in Resources */,
				A588D2701E62C8C100670E2F /* LaunchScreenView.xib in Resources */,
				A588D2591E62C87200670E2F /* Info.plist in Resources */,
				A5AF75471E6704AE00441B84 /* image.xcassets in Resources */,
				A588D2871E62EFB400670E2F /* confirm@3x.png in Resources */,
				A588D2761E62CB9300670E2F /* orange_button_normal@2x.png in Resources */,
				A588D2771E62CB9300670E2F /* orange_button_normal@3x.png in Resources */,
				A588D2861E62EFB400670E2F /* confirm@2x.png in Resources */,
			);
			runOnlyForDeploymentPostprocessing = 0;
		};
		A511C02D1E62A5C900A54A2C /* Resources */ = {
			isa = PBXResourcesBuildPhase;
			buildActionMask = 2147483647;
			files = (
			);
			runOnlyForDeploymentPostprocessing = 0;
		};
		A511C0381E62A5C900A54A2C /* Resources */ = {
			isa = PBXResourcesBuildPhase;
			buildActionMask = 2147483647;
			files = (
			);
			runOnlyForDeploymentPostprocessing = 0;
		};
/* End PBXResourcesBuildPhase section */

/* Begin PBXShellScriptBuildPhase section */
		7E57FD713A4F54E2814C3461 /* [CP] Check Pods Manifest.lock */ = {
			isa = PBXShellScriptBuildPhase;
			buildActionMask = 2147483647;
			files = (
			);
			inputPaths = (
			);
			name = "[CP] Check Pods Manifest.lock";
			outputPaths = (
			);
			runOnlyForDeploymentPostprocessing = 0;
			shellPath = /bin/sh;
			shellScript = "diff \"${PODS_ROOT}/../Podfile.lock\" \"${PODS_ROOT}/Manifest.lock\" > /dev/null\nif [ $? != 0 ] ; then\n    # print error to STDERR\n    echo \"error: The sandbox is not in sync with the Podfile.lock. Run 'pod install' or update your CocoaPods installation.\" >&2\n    exit 1\nfi\n";
			showEnvVarsInLog = 0;
		};
		A24368F114F870EDF6CEF6A5 /* [CP] Copy Pods Resources */ = {
			isa = PBXShellScriptBuildPhase;
			buildActionMask = 2147483647;
			files = (
			);
			inputPaths = (
			);
			name = "[CP] Copy Pods Resources";
			outputPaths = (
			);
			runOnlyForDeploymentPostprocessing = 0;
			shellPath = /bin/sh;
			shellScript = "\"${SRCROOT}/Pods/Target Support Files/Pods-PhotoMix/Pods-PhotoMix-resources.sh\"\n";
			showEnvVarsInLog = 0;
		};
		D2CA7F0A39732B09C252780B /* [CP] Embed Pods Frameworks */ = {
			isa = PBXShellScriptBuildPhase;
			buildActionMask = 2147483647;
			files = (
			);
			inputPaths = (
			);
			name = "[CP] Embed Pods Frameworks";
			outputPaths = (
			);
			runOnlyForDeploymentPostprocessing = 0;
			shellPath = /bin/sh;
			shellScript = "\"${SRCROOT}/Pods/Target Support Files/Pods-PhotoMix/Pods-PhotoMix-frameworks.sh\"\n";
			showEnvVarsInLog = 0;
		};
/* End PBXShellScriptBuildPhase section */

/* Begin PBXSourcesBuildPhase section */
		A511C00F1E62A5C900A54A2C /* Sources */ = {
			isa = PBXSourcesBuildPhase;
			buildActionMask = 2147483647;
			files = (
				A588D2721E62C8C100670E2F /* Photo.m in Sources */,
				A5AF753F1E66D37500441B84 /* IHealthAFNTools.m in Sources */,
				A588D26E1E62C8C100670E2F /* PhotoMix.xcdatamodeld in Sources */,
				A588D26D1E62C8C100670E2F /* main.m in Sources */,
				A5AF753E1E66D37500441B84 /* IHCloudUserTool.m in Sources */,
				A5AF75551E6809C900441B84 /* SJAvatarBrowser.m in Sources */,
				A588D28D1E63004700670E2F /* MBProgressHUD+SS.m in Sources */,
				A588D26C1E62C8C100670E2F /* AppDelegate.m in Sources */,
				A588D26F1E62C8C100670E2F /* LaunchScreenView.m in Sources */,
			);
			runOnlyForDeploymentPostprocessing = 0;
		};
		A511C02B1E62A5C900A54A2C /* Sources */ = {
			isa = PBXSourcesBuildPhase;
			buildActionMask = 2147483647;
			files = (
				A511C0341E62A5C900A54A2C /* PhotoMixTests.m in Sources */,
			);
			runOnlyForDeploymentPostprocessing = 0;
		};
		A511C0361E62A5C900A54A2C /* Sources */ = {
			isa = PBXSourcesBuildPhase;
			buildActionMask = 2147483647;
			files = (
				A511C03F1E62A5C900A54A2C /* PhotoMixUITests.m in Sources */,
			);
			runOnlyForDeploymentPostprocessing = 0;
		};
/* End PBXSourcesBuildPhase section */

/* Begin PBXTargetDependency section */
		A511C0311E62A5C900A54A2C /* PBXTargetDependency */ = {
			isa = PBXTargetDependency;
			target = A511C0121E62A5C900A54A2C /* PhotoMix */;
			targetProxy = A511C0301E62A5C900A54A2C /* PBXContainerItemProxy */;
		};
		A511C03C1E62A5C900A54A2C /* PBXTargetDependency */ = {
			isa = PBXTargetDependency;
			target = A511C0121E62A5C900A54A2C /* PhotoMix */;
			targetProxy = A511C03B1E62A5C900A54A2C /* PBXContainerItemProxy */;
		};
/* End PBXTargetDependency section */

/* Begin XCBuildConfiguration section */
		A511C0411E62A5C900A54A2C /* Debug */ = {
			isa = XCBuildConfiguration;
			buildSettings = {
				ALWAYS_SEARCH_USER_PATHS = NO;
				CLANG_ANALYZER_NONNULL = YES;
				CLANG_CXX_LANGUAGE_STANDARD = "gnu++0x";
				CLANG_CXX_LIBRARY = "libc++";
				CLANG_ENABLE_MODULES = YES;
				CLANG_ENABLE_OBJC_ARC = YES;
				CLANG_WARN_BOOL_CONVERSION = YES;
				CLANG_WARN_CONSTANT_CONVERSION = YES;
				CLANG_WARN_DIRECT_OBJC_ISA_USAGE = YES_ERROR;
				CLANG_WARN_DOCUMENTATION_COMMENTS = YES;
				CLANG_WARN_EMPTY_BODY = YES;
				CLANG_WARN_ENUM_CONVERSION = YES;
				CLANG_WARN_INFINITE_RECURSION = YES;
				CLANG_WARN_INT_CONVERSION = YES;
				CLANG_WARN_OBJC_ROOT_CLASS = YES_ERROR;
				CLANG_WARN_SUSPICIOUS_MOVE = YES;
				CLANG_WARN_UNREACHABLE_CODE = YES;
				CLANG_WARN__DUPLICATE_METHOD_MATCH = YES;
				"CODE_SIGN_IDENTITY[sdk=iphoneos*]" = "iPhone Developer";
				COPY_PHASE_STRIP = NO;
				DEBUG_INFORMATION_FORMAT = dwarf;
				ENABLE_STRICT_OBJC_MSGSEND = YES;
				ENABLE_TESTABILITY = YES;
				GCC_C_LANGUAGE_STANDARD = gnu99;
				GCC_DYNAMIC_NO_PIC = NO;
				GCC_NO_COMMON_BLOCKS = YES;
				GCC_OPTIMIZATION_LEVEL = 0;
				GCC_PREPROCESSOR_DEFINITIONS = (
					"DEBUG=1",
					"$(inherited)",
				);
				GCC_WARN_64_TO_32_BIT_CONVERSION = YES;
				GCC_WARN_ABOUT_RETURN_TYPE = YES_ERROR;
				GCC_WARN_UNDECLARED_SELECTOR = YES;
				GCC_WARN_UNINITIALIZED_AUTOS = YES_AGGRESSIVE;
				GCC_WARN_UNUSED_FUNCTION = YES;
				GCC_WARN_UNUSED_VARIABLE = YES;
				IPHONEOS_DEPLOYMENT_TARGET = 10.2;
				MTL_ENABLE_DEBUG_INFO = YES;
				ONLY_ACTIVE_ARCH = YES;
				SDKROOT = iphoneos;
			};
			name = Debug;
		};
		A511C0421E62A5C900A54A2C /* Release */ = {
			isa = XCBuildConfiguration;
			buildSettings = {
				ALWAYS_SEARCH_USER_PATHS = NO;
				CLANG_ANALYZER_NONNULL = YES;
				CLANG_CXX_LANGUAGE_STANDARD = "gnu++0x";
				CLANG_CXX_LIBRARY = "libc++";
				CLANG_ENABLE_MODULES = YES;
				CLANG_ENABLE_OBJC_ARC = YES;
				CLANG_WARN_BOOL_CONVERSION = YES;
				CLANG_WARN_CONSTANT_CONVERSION = YES;
				CLANG_WARN_DIRECT_OBJC_ISA_USAGE = YES_ERROR;
				CLANG_WARN_DOCUMENTATION_COMMENTS = YES;
				CLANG_WARN_EMPTY_BODY = YES;
				CLANG_WARN_ENUM_CONVERSION = YES;
				CLANG_WARN_INFINITE_RECURSION = YES;
				CLANG_WARN_INT_CONVERSION = YES;
				CLANG_WARN_OBJC_ROOT_CLASS = YES_ERROR;
				CLANG_WARN_SUSPICIOUS_MOVE = YES;
				CLANG_WARN_UNREACHABLE_CODE = YES;
				CLANG_WARN__DUPLICATE_METHOD_MATCH = YES;
				"CODE_SIGN_IDENTITY[sdk=iphoneos*]" = "iPhone Developer";
				COPY_PHASE_STRIP = NO;
				DEBUG_INFORMATION_FORMAT = "dwarf-with-dsym";
				ENABLE_NS_ASSERTIONS = NO;
				ENABLE_STRICT_OBJC_MSGSEND = YES;
				GCC_C_LANGUAGE_STANDARD = gnu99;
				GCC_NO_COMMON_BLOCKS = YES;
				GCC_WARN_64_TO_32_BIT_CONVERSION = YES;
				GCC_WARN_ABOUT_RETURN_TYPE = YES_ERROR;
				GCC_WARN_UNDECLARED_SELECTOR = YES;
				GCC_WARN_UNINITIALIZED_AUTOS = YES_AGGRESSIVE;
				GCC_WARN_UNUSED_FUNCTION = YES;
				GCC_WARN_UNUSED_VARIABLE = YES;
				IPHONEOS_DEPLOYMENT_TARGET = 10.2;
				MTL_ENABLE_DEBUG_INFO = NO;
				SDKROOT = iphoneos;
				VALIDATE_PRODUCT = YES;
			};
			name = Release;
		};
		A511C0441E62A5C900A54A2C /* Debug */ = {
			isa = XCBuildConfiguration;
			baseConfigurationReference = 099E387360717D47D78BF53A /* Pods-PhotoMix.debug.xcconfig */;
			buildSettings = {
				ASSETCATALOG_COMPILER_APPICON_NAME = AppIcon;
				CODE_SIGN_IDENTITY = "iPhone Developer: snow summer (J9ZCZRZC7G)";
				"CODE_SIGN_IDENTITY[sdk=iphoneos*]" = "iPhone Developer: snow summer (J9ZCZRZC7G)";
				DEVELOPMENT_TEAM = 8982T47U8J;
				INFOPLIST_FILE = PhotoMix/Info.plist;
				LD_RUNPATH_SEARCH_PATHS = "$(inherited) @executable_path/Frameworks";
				PRODUCT_BUNDLE_IDENTIFIER = com.ihealthlabs.AiJiaKang;
				PRODUCT_NAME = "$(TARGET_NAME)";
				PROVISIONING_PROFILE = "58c9d1bd-fa72-409a-8901-0a21640a56ae";
				PROVISIONING_PROFILE_SPECIFIER = "AiJiaKang-BP3L-Dev";
				TARGETED_DEVICE_FAMILY = 1;
			};
			name = Debug;
		};
		A511C0451E62A5C900A54A2C /* Release */ = {
			isa = XCBuildConfiguration;
			baseConfigurationReference = AC478C297DD8BF4076379F2A /* Pods-PhotoMix.release.xcconfig */;
			buildSettings = {
				ASSETCATALOG_COMPILER_APPICON_NAME = AppIcon;
				CODE_SIGN_IDENTITY = "iPhone Developer: snow summer (J9ZCZRZC7G)";
				"CODE_SIGN_IDENTITY[sdk=iphoneos*]" = "iPhone Developer: snow summer (J9ZCZRZC7G)";
				DEVELOPMENT_TEAM = 8982T47U8J;
				INFOPLIST_FILE = PhotoMix/Info.plist;
				LD_RUNPATH_SEARCH_PATHS = "$(inherited) @executable_path/Frameworks";
				PRODUCT_BUNDLE_IDENTIFIER = com.ihealthlabs.AiJiaKang;
				PRODUCT_NAME = "$(TARGET_NAME)";
				PROVISIONING_PROFILE = "58c9d1bd-fa72-409a-8901-0a21640a56ae";
				PROVISIONING_PROFILE_SPECIFIER = "AiJiaKang-BP3L-Dev";
				TARGETED_DEVICE_FAMILY = 1;
			};
			name = Release;
		};
		A511C0471E62A5C900A54A2C /* Debug */ = {
			isa = XCBuildConfiguration;
			buildSettings = {
				BUNDLE_LOADER = "$(TEST_HOST)";
				DEVELOPMENT_TEAM = 3Q553VZ29W;
				INFOPLIST_FILE = PhotoMixTests/Info.plist;
				LD_RUNPATH_SEARCH_PATHS = "$(inherited) @executable_path/Frameworks @loader_path/Frameworks";
				PRODUCT_BUNDLE_IDENTIFIER = com.AiJiaKang.BP3L.PhotoMixTests;
				PRODUCT_NAME = "$(TARGET_NAME)";
				TEST_HOST = "$(BUILT_PRODUCTS_DIR)/PhotoMix.app/PhotoMix";
			};
			name = Debug;
		};
		A511C0481E62A5C900A54A2C /* Release */ = {
			isa = XCBuildConfiguration;
			buildSettings = {
				BUNDLE_LOADER = "$(TEST_HOST)";
				DEVELOPMENT_TEAM = 3Q553VZ29W;
				INFOPLIST_FILE = PhotoMixTests/Info.plist;
				LD_RUNPATH_SEARCH_PATHS = "$(inherited) @executable_path/Frameworks @loader_path/Frameworks";
				PRODUCT_BUNDLE_IDENTIFIER = com.AiJiaKang.BP3L.PhotoMixTests;
				PRODUCT_NAME = "$(TARGET_NAME)";
				TEST_HOST = "$(BUILT_PRODUCTS_DIR)/PhotoMix.app/PhotoMix";
			};
			name = Release;
		};
		A511C04A1E62A5C900A54A2C /* Debug */ = {
			isa = XCBuildConfiguration;
			buildSettings = {
				DEVELOPMENT_TEAM = 3Q553VZ29W;
				INFOPLIST_FILE = PhotoMixUITests/Info.plist;
				LD_RUNPATH_SEARCH_PATHS = "$(inherited) @executable_path/Frameworks @loader_path/Frameworks";
				PRODUCT_BUNDLE_IDENTIFIER = com.AiJiaKang.BP3L.PhotoMixUITests;
				PRODUCT_NAME = "$(TARGET_NAME)";
				TEST_TARGET_NAME = PhotoMix;
			};
			name = Debug;
		};
		A511C04B1E62A5C900A54A2C /* Release */ = {
			isa = XCBuildConfiguration;
			buildSettings = {
				DEVELOPMENT_TEAM = 3Q553VZ29W;
				INFOPLIST_FILE = PhotoMixUITests/Info.plist;
				LD_RUNPATH_SEARCH_PATHS = "$(inherited) @executable_path/Frameworks @loader_path/Frameworks";
				PRODUCT_BUNDLE_IDENTIFIER = com.AiJiaKang.BP3L.PhotoMixUITests;
				PRODUCT_NAME = "$(TARGET_NAME)";
				TEST_TARGET_NAME = PhotoMix;
			};
			name = Release;
		};
/* End XCBuildConfiguration section */

/* Begin XCConfigurationList section */
		A511C00E1E62A5C900A54A2C /* Build configuration list for PBXProject "PhotoMix" */ = {
			isa = XCConfigurationList;
			buildConfigurations = (
				A511C0411E62A5C900A54A2C /* Debug */,
				A511C0421E62A5C900A54A2C /* Release */,
			);
			defaultConfigurationIsVisible = 0;
			defaultConfigurationName = Release;
		};
		A511C0431E62A5C900A54A2C /* Build configuration list for PBXNativeTarget "PhotoMix" */ = {
			isa = XCConfigurationList;
			buildConfigurations = (
				A511C0441E62A5C900A54A2C /* Debug */,
				A511C0451E62A5C900A54A2C /* Release */,
			);
			defaultConfigurationIsVisible = 0;
			defaultConfigurationName = Release;
		};
		A511C0461E62A5C900A54A2C /* Build configuration list for PBXNativeTarget "PhotoMixTests" */ = {
			isa = XCConfigurationList;
			buildConfigurations = (
				A511C0471E62A5C900A54A2C /* Debug */,
				A511C0481E62A5C900A54A2C /* Release */,
			);
			defaultConfigurationIsVisible = 0;
			defaultConfigurationName = Release;
		};
		A511C0491E62A5C900A54A2C /* Build configuration list for PBXNativeTarget "PhotoMixUITests" */ = {
			isa = XCConfigurationList;
			buildConfigurations = (
				A511C04A1E62A5C900A54A2C /* Debug */,
				A511C04B1E62A5C900A54A2C /* Release */,
			);
			defaultConfigurationIsVisible = 0;
			defaultConfigurationName = Release;
		};
/* End XCConfigurationList section */

/* Begin XCVersionGroup section */
		A588D25F1E62C8C100670E2F /* PhotoMix.xcdatamodeld */ = {
			isa = XCVersionGroup;
			children = (
				A588D2601E62C8C100670E2F /* PhotoMix.xcdatamodel */,
			);
			currentVersion = A588D2601E62C8C100670E2F /* PhotoMix.xcdatamodel */;
			path = PhotoMix.xcdatamodeld;
			sourceTree = "<group>";
			versionGroupType = wrapper.xcdatamodel;
		};
/* End XCVersionGroup section */
	};
	rootObject = A511C00B1E62A5C900A54A2C /* Project object */;
}
